
Microsoft Visual Studio Solution File, Format Version 12.00
# Visual Studio 15
VisualStudioVersion = 15.0.27130.2020
MinimumVisualStudioVersion = 10.0.40219.1
Project("{E24C65DC-7377-472B-9ABA-BC803B73C61A}") = "www(1)", "www\", "{0D98DD54-660D-4393-A8C8-0884426D62C8}"
	ProjectSection(WebsiteProperties) = preProject
		TargetFrameworkMoniker = ".NETFramework,Version%3Dv4.0"
		Debug.AspNetCompiler.VirtualPath = "/localhost_58549"
		Debug.AspNetCompiler.PhysicalPath = "..\..\..\..\..\..\GitHub\blteblte\webresorts-components\www\"
		Debug.AspNetCompiler.TargetPath = "PrecompiledWeb\localhost_58549\"
		Debug.AspNetCompiler.Updateable = "true"
		Debug.AspNetCompiler.ForceOverwrite = "true"
		Debug.AspNetCompiler.FixedNames = "false"
		Debug.AspNetCompiler.Debug = "True"
		Release.AspNetCompiler.VirtualPath = "/localhost_58549"
		Release.AspNetCompiler.PhysicalPath = "..\..\..\..\..\..\GitHub\blteblte\webresorts-components\www\"
		Release.AspNetCompiler.TargetPath = "PrecompiledWeb\localhost_58549\"
		Release.AspNetCompiler.Updateable = "true"
		Release.AspNetCompiler.ForceOverwrite = "true"
		Release.AspNetCompiler.FixedNames = "false"
		Release.AspNetCompiler.Debug = "False"
		VWDPort = "58549"
	EndProjectSection
EndProject
Global
	GlobalSection(SolutionConfigurationPlatforms) = preSolution
		Debug|Any CPU = Debug|Any CPU
	EndGlobalSection
	GlobalSection(ProjectConfigurationPlatforms) = postSolution
		{0D98DD54-660D-4393-A8C8-0884426D62C8}.Debug|Any CPU.ActiveCfg = Debug|Any CPU
		{0D98DD54-660D-4393-A8C8-0884426D62C8}.Debug|Any CPU.Build.0 = Debug|Any CPU
	EndGlobalSection
	GlobalSection(SolutionProperties) = preSolution
		HideSolutionNode = FALSE
	EndGlobalSection
	GlobalSection(ExtensibilityGlobals) = postSolution
		SolutionGuid = {F0CE49F6-28D7-42C4-BB2C-3D4DFB224DEA}
	EndGlobalSection
EndGlobal
